// !$*UTF8*$!
{
	archiveVersion = 1;
	classes = {
	};
	objectVersion = 46;
	objects = {

/* Begin PBXBuildFile section */
		5AB59A0D1D591BE7000A76A6 /* AppDelegate.swift in Sources */ = {isa = PBXBuildFile; fileRef = 5AB59A0C1D591BE7000A76A6 /* AppDelegate.swift */; };
		5AB59A0F1D591BE7000A76A6 /* ViewController.swift in Sources */ = {isa = PBXBuildFile; fileRef = 5AB59A0E1D591BE7000A76A6 /* ViewController.swift */; };
		5AB59A121D591BE7000A76A6 /* Main.storyboard in Resources */ = {isa = PBXBuildFile; fileRef = 5AB59A101D591BE7000A76A6 /* Main.storyboard */; };
		5AB59A141D591BE7000A76A6 /* Assets.xcassets in Resources */ = {isa = PBXBuildFile; fileRef = 5AB59A131D591BE7000A76A6 /* Assets.xcassets */; };
		5AB59A171D591BE7000A76A6 /* LaunchScreen.storyboard in Resources */ = {isa = PBXBuildFile; fileRef = 5AB59A151D591BE7000A76A6 /* LaunchScreen.storyboard */; };
		5AB59A1F1D5920AA000A76A6 /* CollectionViewCell.swift in Sources */ = {isa = PBXBuildFile; fileRef = 5AB59A1E1D5920AA000A76A6 /* CollectionViewCell.swift */; };
		5AB59A211D5920C8000A76A6 /* NewViewController.swift in Sources */ = {isa = PBXBuildFile; fileRef = 5AB59A201D5920C8000A76A6 /* NewViewController.swift */; };
/* End PBXBuildFile section */

/* Begin PBXFileReference section */
		5AB59A091D591BE7000A76A6 /* cuteDogs.app */ = {isa = PBXFileReference; explicitFileType = wrapper.application; includeInIndex = 0; path = cuteDogs.app; sourceTree = BUILT_PRODUCTS_DIR; };
		5AB59A0C1D591BE7000A76A6 /* AppDelegate.swift */ = {isa = PBXFileReference; lastKnownFileType = sourcecode.swift; path = AppDelegate.swift; sourceTree = "<group>"; };
		5AB59A0E1D591BE7000A76A6 /* ViewController.swift */ = {isa = PBXFileReference; lastKnownFileType = sourcecode.swift; path = ViewController.swift; sourceTree = "<group>"; };
		5AB59A111D591BE7000A76A6 /* Base */ = {isa = PBXFileReference; lastKnownFileType = file.storyboard; name = Base; path = Base.lproj/Main.storyboard; sourceTree = "<group>"; };
		5AB59A131D591BE7000A76A6 /* Assets.xcassets */ = {isa = PBXFileReference; lastKnownFileType = folder.assetcatalog; path = Assets.xcassets; sourceTree = "<group>"; };
		5AB59A161D591BE7000A76A6 /* Base */ = {isa = PBXFileReference; lastKnownFileType = file.storyboard; name = Base; path = Base.lproj/LaunchScreen.storyboard; sourceTree = "<group>"; };
		5AB59A181D591BE7000A76A6 /* Info.plist */ = {isa = PBXFileReference; lastKnownFileType = text.plist.xml; path = Info.plist; sourceTree = "<group>"; };
		5AB59A1E1D5920AA000A76A6 /* CollectionViewCell.swift */ = {isa = PBXFileReference; fileEncoding = 4; lastKnownFileType = sourcecode.swift; path = CollectionViewCell.swift; sourceTree = "<group>"; };
		5AB59A201D5920C8000A76A6 /* NewViewController.swift */ = {isa = PBXFileReference; fileEncoding = 4; lastKnownFileType = sourcecode.swift; path = NewViewController.swift; sourceTree = "<group>"; };
/* End PBXFileReference section */

/* Begin PBXFrameworksBuildPhase section */
		5AB59A061D591BE7000A76A6 /* Frameworks */ = {
			isa = PBXFrameworksBuildPhase;
			buildActionMask = 2147483647;
			files = (
			);
			runOnlyForDeploymentPostprocessing = 0;
		};
/* End PBXFrameworksBuildPhase section */

/* Begin PBXGroup section */
		5AB59A001D591BE7000A76A6 = {
			isa = PBXGroup;
			children = (
				5AB59A0B1D591BE7000A76A6 /* cuteDogs */,
				5AB59A0A1D591BE7000A76A6 /* Products */,
			);
			sourceTree = "<group>";
		};
		5AB59A0A1D591BE7000A76A6 /* Products */ = {
			isa = PBXGroup;
			children = (
				5AB59A091D591BE7000A76A6 /* cuteDogs.app */,
			);
			name = Products;
			sourceTree = "<group>";
		};
		5AB59A0B1D591BE7000A76A6 /* cuteDogs */ = {
			isa = PBXGroup;
			children = (
				5AB59A0C1D591BE7000A76A6 /* AppDelegate.swift */,
				5AB59A0E1D591BE7000A76A6 /* ViewController.swift */,
				5AB59A1E1D5920AA000A76A6 /* CollectionViewCell.swift */,
				5AB59A201D5920C8000A76A6 /* NewViewController.swift */,
				5AB59A101D591BE7000A76A6 /* Main.storyboard */,
				5AB59A131D591BE7000A76A6 /* Assets.xcassets */,
				5AB59A151D591BE7000A76A6 /* LaunchScreen.storyboard */,
				5AB59A181D591BE7000A76A6 /* Info.plist */,
			);
			path = cuteDogs;
			sourceTree = "<group>";
		};
/* End PBXGroup section */

/* Begin PBXNativeTarget section */
		5AB59A081D591BE7000A76A6 /* cuteDogs */ = {
			isa = PBXNativeTarget;
			buildConfigurationList = 5AB59A1B1D591BE7000A76A6 /* Build configuration list for PBXNativeTarget "cuteDogs" */;
			buildPhases = (
				5AB59A051D591BE7000A76A6 /* Sources */,
				5AB59A061D591BE7000A76A6 /* Frameworks */,
				5AB59A071D591BE7000A76A6 /* Resources */,
			);
			buildRules = (
			);
			dependencies = (
			);
			name = cuteDogs;
			productName = cuteDogs;
			productReference = 5AB59A091D591BE7000A76A6 /* cuteDogs.app */;
			productType = "com.apple.product-type.application";
		};
/* End PBXNativeTarget section */

/* Begin PBXProject section */
		5AB59A011D591BE7000A76A6 /* Project object */ = {
			isa = PBXProject;
			attributes = {
				LastSwiftUpdateCheck = 0730;
				LastUpgradeCheck = 0730;
				ORGANIZATIONNAME = "Yoorian Shin";
				TargetAttributes = {
					5AB59A081D591BE7000A76A6 = {
						CreatedOnToolsVersion = 7.3.1;
					};
				};
			};
			buildConfigurationList = 5AB59A041D591BE7000A76A6 /* Build configuration list for PBXProject "cuteDogs" */;
			compatibilityVersion = "Xcode 3.2";
			developmentRegion = English;
			hasScannedForEncodings = 0;
			knownRegions = (
				en,
				Base,
			);
			mainGroup = 5AB59A001D591BE7000A76A6;
			productRefGroup = 5AB59A0A1D591BE7000A76A6 /* Products */;
			projectDirPath = "";
			projectRoot = "";
			targets = (
				5AB59A081D591BE7000A76A6 /* cuteDogs */,
			);
		};
/* End PBXProject section */

/* Begin PBXResourcesBuildPhase section */
		5AB59A071D591BE7000A76A6 /* Resources */ = {
			isa = PBXResourcesBuildPhase;
			buildActionMask = 2147483647;
			files = (
				5AB59A171D591BE7000A76A6 /* LaunchScreen.storyboard in Resources */,
				5AB59A141D591BE7000A76A6 /* Assets.xcassets in Resources */,
				5AB59A121D591BE7000A76A6 /* Main.storyboard in Resources */,
			);
			runOnlyForDeploymentPostprocessing = 0;
		};
/* End PBXResourcesBuildPhase section */

/* Begin PBXSourcesBuildPhase section */
		5AB59A051D591BE7000A76A6 /* Sources */ = {
			isa = PBXSourcesBuildPhase;
			buildActionMask = 2147483647;
			files = (
				5AB59A0F1D591BE7000A76A6 /* ViewController.swift in Sources */,
				5AB59A0D1D591BE7000A76A6 /* AppDelegate.swift in Sources */,
				5AB59A1F1D5920AA000A76A6 /* CollectionViewCell.swift in Sources */,
				5AB59A211D5920C8000A76A6 /* NewViewController.swift in Sources */,
			);
			runOnlyForDeploymentPostprocessing = 0;
		};
/* End PBXSourcesBuildPhase section */

/* Begin PBXVariantGroup section */
		5AB59A101D591BE7000A76A6 /* Main.storyboard */ = {
			isa = PBXVariantGroup;
			children = (
				5AB59A111D591BE7000A76A6 /* Base */,
			);
			name = Main.storyboard;
			sourceTree = "<group>";
		};
		5AB59A151D591BE7000A76A6 /* LaunchScreen.storyboard */ = {
			isa = PBXVariantGroup;
			children = (
				5AB59A161D591BE7000A76A6 /* Base */,
			);
			name = LaunchScreen.storyboard;
			sourceTree = "<group>";
		};
/* End PBXVariantGroup section */

/* Begin XCBuildConfiguration section */
		5AB59A191D591BE7000A76A6 /* Debug */ = {
			isa = XCBuildConfiguration;
			buildSettings = {
				ALWAYS_SEARCH_USER_PATHS = NO;
				CLANG_ANALYZER_NONNULL = YES;
				CLANG_CXX_LANGUAGE_STANDARD = "gnu++0x";
				CLANG_CXX_LIBRARY = "libc++";
				CLANG_ENABLE_MODULES = YES;
				CLANG_ENABLE_OBJC_ARC = YES;
				CLANG_WARN_BOOL_CONVERSION = YES;
				CLANG_WARN_CONSTANT_CONVERSION = YES;
				CLANG_WARN_DIRECT_OBJC_ISA_USAGE = YES_ERROR;
				CLANG_WARN_EMPTY_BODY = YES;
				CLANG_WARN_ENUM_CONVERSION = YES;
				CLANG_WARN_INT_CONVERSION = YES;
				CLANG_WARN_OBJC_ROOT_CLASS = YES_ERROR;
				CLANG_WARN_UNREACHABLE_CODE = YES;
				CLANG_WARN__DUPLICATE_METHOD_MATCH = YES;
				"CODE_SIGN_IDENTITY[sdk=iphoneos*]" = "iPhone Developer";
				COPY_PHASE_STRIP = NO;
				DEBUG_INFORMATION_FORMAT = dwarf;
				ENABLE_STRICT_OBJC_MSGSEND = YES;
				ENABLE_TESTABILITY = YES;
				GCC_C_LANGUAGE_STANDARD = gnu99;
				GCC_DYNAMIC_NO_PIC = NO;
				GCC_NO_COMMON_BLOCKS = YES;
				GCC_OPTIMIZATION_LEVEL = 0;
				GCC_PREPROCESSOR_DEFINITIONS = (
					"DEBUG=1",
					"$(inherited)",
				);
				GCC_WARN_64_TO_32_BIT_CONVERSION = YES;
				GCC_WARN_ABOUT_RETURN_TYPE = YES_ERROR;
				GCC_WARN_UNDECLARED_SELECTOR = YES;
				GCC_WARN_UNINITIALIZED_AUTOS = YES_AGGRESSIVE;
				GCC_WARN_UNUSED_FUNCTION = YES;
				GCC_WARN_UNUSED_VARIABLE = YES;
				IPHONEOS_DEPLOYMENT_TARGET = 9.3;
				MTL_ENABLE_DEBUG_INFO = YES;
				ONLY_ACTIVE_ARCH = YES;
				SDKROOT = iphoneos;
				SWIFT_OPTIMIZATION_LEVEL = "-Onone";
				TARGETED_DEVICE_FAMILY = "1,2";
			};
			name = Debug;
		};
		5AB59A1A1D591BE7000A76A6 /* Release */ = {
			isa = XCBuildConfiguration;
			buildSettings = {
				ALWAYS_SEARCH_USER_PATHS = NO;
				CLANG_ANALYZER_NONNULL = YES;
				CLANG_CXX_LANGUAGE_STANDARD = "gnu++0x";
				CLANG_CXX_LIBRARY = "libc++";
				CLANG_ENABLE_MODULES = YES;
				CLANG_ENABLE_OBJC_ARC = YES;
				CLANG_WARN_BOOL_CONVERSION = YES;
				CLANG_WARN_CONSTANT_CONVERSION = YES;
				CLANG_WARN_DIRECT_OBJC_ISA_USAGE = YES_ERROR;
				CLANG_WARN_EMPTY_BODY = YES;
				CLANG_WARN_ENUM_CONVERSION = YES;
				CLANG_WARN_INT_CONVERSION = YES;
				CLANG_WARN_OBJC_ROOT_CLASS = YES_ERROR;
				CLANG_WARN_UNREACHABLE_CODE = YES;
				CLANG_WARN__DUPLICATE_METHOD_MATCH = YES;
				"CODE_SIGN_IDENTITY[sdk=iphoneos*]" = "iPhone Developer";
				COPY_PHASE_STRIP = NO;
				DEBUG_INFORMATION_FORMAT = "dwarf-with-dsym";
				ENABLE_NS_ASSERTIONS = NO;
				ENABLE_STRICT_OBJC_MSGSEND = YES;
				GCC_C_LANGUAGE_STANDARD = gnu99;
				GCC_NO_COMMON_BLOCKS = YES;
				GCC_WARN_64_TO_32_BIT_CONVERSION = YES;
				GCC_WARN_ABOUT_RETURN_TYPE = YES_ERROR;
				GCC_WARN_UNDECLARED_SELECTOR = YES;
				GCC_WARN_UNINITIALIZED_AUTOS = YES_AGGRESSIVE;
				GCC_WARN_UNUSED_FUNCTION = YES;
				GCC_WARN_UNUSED_VARIABLE = YES;
				IPHONEOS_DEPLOYMENT_TARGET = 9.3;
				MTL_ENABLE_DEBUG_INFO = NO;
				SDKROOT = iphoneos;
				TARGETED_DEVICE_FAMILY = "1,2";
				VALIDATE_PRODUCT = YES;
			};
			name = Release;
		};
		5AB59A1C1D591BE7000A76A6 /* Debug */ = {
			isa = XCBuildConfiguration;
			buildSettings = {
				ASSETCATALOG_COMPILER_APPICON_NAME = AppIcon;
				INFOPLIST_FILE = cuteDogs/Info.plist;
				LD_RUNPATH_SEARCH_PATHS = "$(inherited) @executable_path/Frameworks";
				PRODUCT_BUNDLE_IDENTIFIER = com.yoorian.cuteDogs;
				PRODUCT_NAME = "$(TARGET_NAME)";
			};
			name = Debug;
		};
		5AB59A1D1D591BE7000A76A6 /* Release */ = {
			isa = XCBuildConfiguration;
			buildSettings = {
				ASSETCATALOG_COMPILER_APPICON_NAME = AppIcon;
				INFOPLIST_FILE = cuteDogs/Info.plist;
				LD_RUNPATH_SEARCH_PATHS = "$(inherited) @executable_path/Frameworks";
				PRODUCT_BUNDLE_IDENTIFIER = com.yoorian.cuteDogs;
				PRODUCT_NAME = "$(TARGET_NAME)";
			};
			name = Release;
		};
/* End XCBuildConfiguration section */

/* Begin XCConfigurationList section */
		5AB59A041D591BE7000A76A6 /* Build configuration list for PBXProject "cuteDogs" */ = {
			isa = XCConfigurationList;
			buildConfigurations = (
				5AB59A191D591BE7000A76A6 /* Debug */,
				5AB59A1A1D591BE7000A76A6 /* Release */,
			);
			defaultConfigurationIsVisible = 0;
			defaultConfigurationName = Release;
		};
		5AB59A1B1D591BE7000A76A6 /* Build configuration list for PBXNativeTarget "cuteDogs" */ = {
			isa = XCConfigurationList;
			buildConfigurations = (
				5AB59A1C1D591BE7000A76A6 /* Debug */,
				5AB59A1D1D591BE7000A76A6 /* Release */,
			);
			defaultConfigurationIsVisible = 0;
		};
/* End XCConfigurationList section */
	};
	rootObject = 5AB59A011D591BE7000A76A6 /* Project object */;
}
